
Microsoft Visual Studio Solution File, Format Version 12.00
# Visual Studio Version 16
VisualStudioVersion = 16.0.31025.194
MinimumVisualStudioVersion = 10.0.40219.1
Project("{9A19103F-16F7-4668-BE54-9A1E7A4F7556}") = "PhoneBookLibrary", "PhoneBookLibrary\PhoneBookLibrary.csproj", "{E884701E-4A88-40EC-8279-7E90D50B22A0}"
EndProject
Project("{9A19103F-16F7-4668-BE54-9A1E7A4F7556}") = "WebAPI", "WebAPI\WebAPI.csproj", "{1EB21E07-E496-447A-AC9C-38035F5870B1}"
EndProject
Project("{FAE04EC0-301F-11D3-BF4B-00C04F79EFBC}") = "PhoneBookLibraryTests", "PhoneBookLibraryTests\PhoneBookLibraryTests.csproj", "{9034F6DB-A0F6-4A87-821E-C3B0615271CC}"
EndProject
Global
	GlobalSection(SolutionConfigurationPlatforms) = preSolution
		Debug|Any CPU = Debug|Any CPU
		Release|Any CPU = Release|Any CPU
	EndGlobalSection
	GlobalSection(ProjectConfigurationPlatforms) = postSolution
		{E884701E-4A88-40EC-8279-7E90D50B22A0}.Debug|Any CPU.ActiveCfg = Debug|Any CPU
		{E884701E-4A88-40EC-8279-7E90D50B22A0}.Debug|Any CPU.Build.0 = Debug|Any CPU
		{E884701E-4A88-40EC-8279-7E90D50B22A0}.Release|Any CPU.ActiveCfg = Release|Any CPU
		{E884701E-4A88-40EC-8279-7E90D50B22A0}.Release|Any CPU.Build.0 = Release|Any CPU
		{1EB21E07-E496-447A-AC9C-38035F5870B1}.Debug|Any CPU.ActiveCfg = Debug|Any CPU
		{1EB21E07-E496-447A-AC9C-38035F5870B1}.Debug|Any CPU.Build.0 = Debug|Any CPU
		{1EB21E07-E496-447A-AC9C-38035F5870B1}.Release|Any CPU.ActiveCfg = Release|Any CPU
		{1EB21E07-E496-447A-AC9C-38035F5870B1}.Release|Any CPU.Build.0 = Release|Any CPU
		{9034F6DB-A0F6-4A87-821E-C3B0615271CC}.Debug|Any CPU.ActiveCfg = Debug|Any CPU
		{9034F6DB-A0F6-4A87-821E-C3B0615271CC}.Debug|Any CPU.Build.0 = Debug|Any CPU
		{9034F6DB-A0F6-4A87-821E-C3B0615271CC}.Release|Any CPU.ActiveCfg = Release|Any CPU
		{9034F6DB-A0F6-4A87-821E-C3B0615271CC}.Release|Any CPU.Build.0 = Release|Any CPU
	EndGlobalSection
	GlobalSection(SolutionProperties) = preSolution
		HideSolutionNode = FALSE
	EndGlobalSection
	GlobalSection(ExtensibilityGlobals) = postSolution
		SolutionGuid = {C43A7BF3-3C1A-4516-8C9E-ABB5DDEC048E}
	EndGlobalSection
EndGlobal
